{
  "version": 4,
  "terraform_version": "0.13.3",
  "serial": 137,
  "lineage": "952b25c5-4750-b9ee-fd2f-0a7403101386",
  "outputs": {},
  "resources": [
    {
      "mode": "managed",
      "type": "aws_iam_instance_profile",
      "name": "nacm-connector-profile",
      "provider": "provider[\"registry.terraform.io/hashicorp/aws\"]",
      "instances": [
        {
          "schema_version": 0,
          "attributes": {
            "arn": "arn:aws:iam::936788838029:instance-profile/nacm-connector-profile",
            "create_date": "2020-12-08T21:33:14Z",
            "id": "nacm-connector-profile",
            "name": "nacm-connector-profile",
            "name_prefix": null,
            "path": "/",
            "role": "nacm-connector-role",
            "unique_id": "AIPA5UHHXI2GXTZQEOHFY"
          },
          "private": "bnVsbA==",
          "dependencies": [
            "aws_iam_role.nacm-connector-role"
          ]
        }
      ]
    },
    {
      "mode": "managed",
      "type": "aws_iam_role",
      "name": "nacm-connector-role",
      "provider": "provider[\"registry.terraform.io/hashicorp/aws\"]",
      "instances": [
        {
          "schema_version": 0,
          "attributes": {
            "arn": "arn:aws:iam::936788838029:role/nacm-connector-role",
            "assume_role_policy": "{\"Version\":\"2012-10-17\",\"Statement\":[{\"Sid\":\"\",\"Effect\":\"Allow\",\"Principal\":{\"Service\":\"ec2.amazonaws.com\"},\"Action\":\"sts:AssumeRole\"}]}",
            "create_date": "2020-12-08T21:33:14Z",
            "description": "",
            "force_detach_policies": false,
            "id": "nacm-connector-role",
            "max_session_duration": 3600,
            "name": "nacm-connector-role",
            "name_prefix": null,
            "path": "/",
            "permissions_boundary": null,
            "tags": {
              "Name": "nacm-connector-role",
              "Project": "Infrastructure",
              "Role": "NetApp CVO POC"
            },
            "unique_id": "AROA5UHHXI2GSYYK43MAV"
          },
          "private": "bnVsbA=="
        }
      ]
    },
    {
      "mode": "managed",
      "type": "aws_security_group",
      "name": "nacm-connector-sg",
      "provider": "provider[\"registry.terraform.io/hashicorp/aws\"]",
      "instances": [
        {
          "schema_version": 1,
          "attributes": {
            "arn": "arn:aws:ec2:us-east-1:936788838029:security-group/sg-02d073bfeaf58f94a",
            "description": "Allow traffic to the NetApp Connector instance",
            "egress": [
              {
                "cidr_blocks": [
                  "0.0.0.0/0"
                ],
                "description": "",
                "from_port": 0,
                "ipv6_cidr_blocks": [],
                "prefix_list_ids": [],
                "protocol": "-1",
                "security_groups": [],
                "self": false,
                "to_port": 0
              }
            ],
            "id": "sg-02d073bfeaf58f94a",
            "ingress": [
              {
                "cidr_blocks": [
                  "10.126.0.0/16",
                  "10.135.255.0/24"
                ],
                "description": "",
                "from_port": -1,
                "ipv6_cidr_blocks": [],
                "prefix_list_ids": [],
                "protocol": "icmp",
                "security_groups": [],
                "self": false,
                "to_port": -1
              },
              {
                "cidr_blocks": [
                  "10.126.0.0/16",
                  "10.135.255.0/24"
                ],
                "description": "",
                "from_port": 22,
                "ipv6_cidr_blocks": [],
                "prefix_list_ids": [],
                "protocol": "tcp",
                "security_groups": [],
                "self": false,
                "to_port": 22
              },
              {
                "cidr_blocks": [
                  "10.126.0.0/16",
                  "10.135.255.0/24"
                ],
                "description": "",
                "from_port": 443,
                "ipv6_cidr_blocks": [],
                "prefix_list_ids": [],
                "protocol": "tcp",
                "security_groups": [],
                "self": false,
                "to_port": 443
              },
              {
                "cidr_blocks": [
                  "10.126.0.0/16",
                  "10.135.255.0/24"
                ],
                "description": "",
                "from_port": 80,
                "ipv6_cidr_blocks": [],
                "prefix_list_ids": [],
                "protocol": "tcp",
                "security_groups": [],
                "self": false,
                "to_port": 80
              }
            ],
            "name": "nacm-connector-sg",
            "name_prefix": "",
            "owner_id": "936788838029",
            "revoke_rules_on_delete": false,
            "tags": {
              "Name": "nacm-connector-sg",
              "Project": "Infrastructure",
              "Role": "NetApp CVO POC"
            },
            "timeouts": null,
            "vpc_id": "vpc-5d091f25"
          },
          "private": "eyJlMmJmYjczMC1lY2FhLTExZTYtOGY4OC0zNDM2M2JjN2M0YzAiOnsiY3JlYXRlIjo2MDAwMDAwMDAwMDAsImRlbGV0ZSI6NjAwMDAwMDAwMDAwfSwic2NoZW1hX3ZlcnNpb24iOiIxIn0="
        }
      ]
    },
    {
      "mode": "managed",
      "type": "netapp-cloudmanager_aggregate",
      "name": "cvo-aggregate",
      "provider": "provider[\"registry.terraform.io/netapp/netapp-cloudmanager\"]",
      "instances": [
        {
          "schema_version": 0,
          "attributes": {
            "capacity_tier": "NONE",
            "client_id": "CmBoLzEd05PW6xhaaIntwzcXNAh5ay9Z",
            "disk_size_size": 100,
            "disk_size_unit": "GB",
            "home_node": null,
            "id": "aggr2",
            "iops": null,
            "name": "aggr2",
            "number_of_disks": 6,
            "provider_volume_type": "gp2",
            "working_environment_id": "VsaWorkingEnvironment-rFcCczgi",
            "working_environment_name": null
          }
        }
      ]
    },
    {
      "mode": "managed",
      "type": "netapp-cloudmanager_connector_aws",
      "name": "cm-aws",
      "provider": "provider[\"registry.terraform.io/netapp/netapp-cloudmanager\"]",
      "instances": [
        {
          "schema_version": 0,
          "attributes": {
            "account_id": "account-oGl9HinZ",
            "ami": null,
            "associate_public_ip_address": true,
            "client_id": "CmBoLzEd05PW6xhaaIntwzcXNAh5ay9Z",
            "company": "PFJ",
            "iam_instance_profile_name": "nacm-connector-profile",
            "id": "i-0800d09077540a499",
            "instance_type": "t3.xlarge",
            "key_name": "PTC-NonPCI",
            "name": "TFConnectorAWS",
            "proxy_password": null,
            "proxy_url": null,
            "proxy_user_name": null,
            "region": "us-east-1",
            "security_group_id": "sg-02d073bfeaf58f94a",
            "subnet_id": "subnet-296c0374"
          },
          "private": "bnVsbA==",
          "dependencies": [
            "aws_iam_instance_profile.nacm-connector-profile",
            "aws_security_group.nacm-connector-sg"
          ]
        }
      ]
    },
    {
      "mode": "managed",
      "type": "netapp-cloudmanager_cvo_aws",
      "name": "cvo-aws",
      "provider": "provider[\"registry.terraform.io/netapp/netapp-cloudmanager\"]",
      "instances": [
        {
          "schema_version": 0,
          "attributes": {
            "aws_tag": [
              {
                "tag_key": "Project",
                "tag_value": "Infrastructure"
              },
              {
                "tag_key": "Role",
                "tag_value": "NetApp CVO POC"
              }
            ],
            "backup_volumes_to_cbs": false,
            "capacity_tier": "NONE",
            "client_id": "CmBoLzEd05PW6xhaaIntwzcXNAh5ay9Z",
            "cloud_provider_account": null,
            "cluster_floating_ip": null,
            "data_encryption_type": "AWS",
            "data_floating_ip": null,
            "data_floating_ip2": null,
            "ebs_volume_size": 100,
            "ebs_volume_size_unit": "GB",
            "ebs_volume_type": "gp2",
            "enable_compliance": false,
            "enable_monitoring": false,
            "failover_mode": null,
            "id": "VsaWorkingEnvironment-rFcCczgi",
            "instance_profile_name": "nacm-connector-profile",
            "instance_tenancy": "default",
            "instance_type": "m5.2xlarge",
            "iops": null,
            "is_ha": false,
            "kms_key_id": null,
            "license_type": "cot-standard-paygo",
            "mediator_assign_public_ip": true,
            "mediator_key_pair_name": null,
            "mediator_subnet_id": null,
            "name": "TFCVO1",
            "node1_subnet_id": null,
            "node2_subnet_id": null,
            "nss_account": null,
            "ontap_version": "latest",
            "optimized_network_utilization": true,
            "platform_serial_number": null,
            "platform_serial_number_node1": null,
            "platform_serial_number_node2": null,
            "region": "us-east-1",
            "route_table_ids": null,
            "security_group_id": "sg-02d073bfeaf58f94a",
            "subnet_id": "subnet-296c0374",
            "svm_floating_ip": null,
            "svm_password": "cJ617878",
            "tier_level": "normal",
            "use_latest_version": true,
            "vpc_id": "vpc-5d091f25",
            "workspace_id": null,
            "writing_speed_state": null
          },
          "private": "bnVsbA==",
          "dependencies": [
            "aws_iam_instance_profile.nacm-connector-profile",
            "aws_security_group.nacm-connector-sg",
            "netapp-cloudmanager_connector_aws.cm-aws"
          ]
        }
      ]
    }
  ]
}
